// !$*UTF8*$!
{
	archiveVersion = 1;
	classes = {
	};
	objectVersion = 50;
	objects = {

/* Begin PBXBuildFile section */
		FCBCF3E321F6D6A500E1009C /* AppDelegate.swift in Sources */ = {isa = PBXBuildFile; fileRef = FCBCF3E221F6D6A500E1009C /* AppDelegate.swift */; };
		FCBCF3E521F6D6A500E1009C /* RecipeTableViewController.swift in Sources */ = {isa = PBXBuildFile; fileRef = FCBCF3E421F6D6A500E1009C /* RecipeTableViewController.swift */; };
		FCBCF3E821F6D6A500E1009C /* Main.storyboard in Resources */ = {isa = PBXBuildFile; fileRef = FCBCF3E621F6D6A500E1009C /* Main.storyboard */; };
		FCBCF3EA21F6D6A700E1009C /* Assets.xcassets in Resources */ = {isa = PBXBuildFile; fileRef = FCBCF3E921F6D6A700E1009C /* Assets.xcassets */; };
		FCBCF3ED21F6D6A700E1009C /* LaunchScreen.storyboard in Resources */ = {isa = PBXBuildFile; fileRef = FCBCF3EB21F6D6A700E1009C /* LaunchScreen.storyboard */; };
		FCBCF3F521F6D97500E1009C /* Recipe.swift in Sources */ = {isa = PBXBuildFile; fileRef = FCBCF3F421F6D97500E1009C /* Recipe.swift */; };
		FCBCF3F921F7F82C00E1009C /* RecipeCell.swift in Sources */ = {isa = PBXBuildFile; fileRef = FCBCF3F821F7F82C00E1009C /* RecipeCell.swift */; };
		FCBCF3FB21F7F88400E1009C /* RecipeCell.xib in Resources */ = {isa = PBXBuildFile; fileRef = FCBCF3FA21F7F88400E1009C /* RecipeCell.xib */; };
		FCBCF3FD21F801C400E1009C /* RecipeViewController.swift in Sources */ = {isa = PBXBuildFile; fileRef = FCBCF3FC21F801C400E1009C /* RecipeViewController.swift */; };
		FCBCF40321F80FD300E1009C /* ComposeViewController.swift in Sources */ = {isa = PBXBuildFile; fileRef = FCBCF40221F80FD300E1009C /* ComposeViewController.swift */; };
/* End PBXBuildFile section */

/* Begin PBXFileReference section */
		FCBCF3DF21F6D6A500E1009C /* Fupl.v1.app */ = {isa = PBXFileReference; explicitFileType = wrapper.application; includeInIndex = 0; path = Fupl.v1.app; sourceTree = BUILT_PRODUCTS_DIR; };
		FCBCF3E221F6D6A500E1009C /* AppDelegate.swift */ = {isa = PBXFileReference; lastKnownFileType = sourcecode.swift; path = AppDelegate.swift; sourceTree = "<group>"; };
		FCBCF3E421F6D6A500E1009C /* RecipeTableViewController.swift */ = {isa = PBXFileReference; lastKnownFileType = sourcecode.swift; path = RecipeTableViewController.swift; sourceTree = "<group>"; };
		FCBCF3E721F6D6A500E1009C /* Base */ = {isa = PBXFileReference; lastKnownFileType = file.storyboard; name = Base; path = Base.lproj/Main.storyboard; sourceTree = "<group>"; };
		FCBCF3E921F6D6A700E1009C /* Assets.xcassets */ = {isa = PBXFileReference; lastKnownFileType = folder.assetcatalog; path = Assets.xcassets; sourceTree = "<group>"; };
		FCBCF3EC21F6D6A700E1009C /* Base */ = {isa = PBXFileReference; lastKnownFileType = file.storyboard; name = Base; path = Base.lproj/LaunchScreen.storyboard; sourceTree = "<group>"; };
		FCBCF3EE21F6D6A700E1009C /* Info.plist */ = {isa = PBXFileReference; lastKnownFileType = text.plist.xml; path = Info.plist; sourceTree = "<group>"; };
		FCBCF3F421F6D97500E1009C /* Recipe.swift */ = {isa = PBXFileReference; lastKnownFileType = sourcecode.swift; path = Recipe.swift; sourceTree = "<group>"; };
		FCBCF3F821F7F82C00E1009C /* RecipeCell.swift */ = {isa = PBXFileReference; lastKnownFileType = sourcecode.swift; path = RecipeCell.swift; sourceTree = "<group>"; };
		FCBCF3FA21F7F88400E1009C /* RecipeCell.xib */ = {isa = PBXFileReference; lastKnownFileType = file.xib; path = RecipeCell.xib; sourceTree = "<group>"; };
		FCBCF3FC21F801C400E1009C /* RecipeViewController.swift */ = {isa = PBXFileReference; lastKnownFileType = sourcecode.swift; path = RecipeViewController.swift; sourceTree = "<group>"; };
		FCBCF40221F80FD300E1009C /* ComposeViewController.swift */ = {isa = PBXFileReference; lastKnownFileType = sourcecode.swift; path = ComposeViewController.swift; sourceTree = "<group>"; };
/* End PBXFileReference section */

/* Begin PBXFrameworksBuildPhase section */
		FCBCF3DC21F6D6A500E1009C /* Frameworks */ = {
			isa = PBXFrameworksBuildPhase;
			buildActionMask = 2147483647;
			files = (
			);
			runOnlyForDeploymentPostprocessing = 0;
		};
/* End PBXFrameworksBuildPhase section */

/* Begin PBXGroup section */
		FCBCF3D621F6D6A400E1009C = {
			isa = PBXGroup;
			children = (
				FCBCF3E121F6D6A500E1009C /* Fupl.v1 */,
				FCBCF3E021F6D6A500E1009C /* Products */,
			);
			sourceTree = "<group>";
		};
		FCBCF3E021F6D6A500E1009C /* Products */ = {
			isa = PBXGroup;
			children = (
				FCBCF3DF21F6D6A500E1009C /* Fupl.v1.app */,
			);
			name = Products;
			sourceTree = "<group>";
		};
		FCBCF3E121F6D6A500E1009C /* Fupl.v1 */ = {
			isa = PBXGroup;
			children = (
				FCBCF3E621F6D6A500E1009C /* Main.storyboard */,
				FCBCF3FE21F8085900E1009C /* Model */,
				FCBCF3FF21F8086600E1009C /* View */,
				FCBCF40021F8086C00E1009C /* Controller */,
				FCBCF40121F8088500E1009C /* Resources */,
			);
			path = Fupl.v1;
			sourceTree = "<group>";
		};
		FCBCF3FE21F8085900E1009C /* Model */ = {
			isa = PBXGroup;
			children = (
				FCBCF3F421F6D97500E1009C /* Recipe.swift */,
			);
			path = Model;
			sourceTree = "<group>";
		};
		FCBCF3FF21F8086600E1009C /* View */ = {
			isa = PBXGroup;
			children = (
				FCBCF3F821F7F82C00E1009C /* RecipeCell.swift */,
				FCBCF3FA21F7F88400E1009C /* RecipeCell.xib */,
			);
			path = View;
			sourceTree = "<group>";
		};
		FCBCF40021F8086C00E1009C /* Controller */ = {
			isa = PBXGroup;
			children = (
				FCBCF3E421F6D6A500E1009C /* RecipeTableViewController.swift */,
				FCBCF3FC21F801C400E1009C /* RecipeViewController.swift */,
				FCBCF40221F80FD300E1009C /* ComposeViewController.swift */,
			);
			path = Controller;
			sourceTree = "<group>";
		};
		FCBCF40121F8088500E1009C /* Resources */ = {
			isa = PBXGroup;
			children = (
				FCBCF3E221F6D6A500E1009C /* AppDelegate.swift */,
				FCBCF3E921F6D6A700E1009C /* Assets.xcassets */,
				FCBCF3EB21F6D6A700E1009C /* LaunchScreen.storyboard */,
				FCBCF3EE21F6D6A700E1009C /* Info.plist */,
			);
			path = Resources;
			sourceTree = "<group>";
		};
/* End PBXGroup section */

/* Begin PBXNativeTarget section */
		FCBCF3DE21F6D6A500E1009C /* Fupl.v1 */ = {
			isa = PBXNativeTarget;
			buildConfigurationList = FCBCF3F121F6D6A700E1009C /* Build configuration list for PBXNativeTarget "Fupl.v1" */;
			buildPhases = (
				FCBCF3DB21F6D6A500E1009C /* Sources */,
				FCBCF3DC21F6D6A500E1009C /* Frameworks */,
				FCBCF3DD21F6D6A500E1009C /* Resources */,
			);
			buildRules = (
			);
			dependencies = (
			);
			name = Fupl.v1;
			productName = Fupl.v1;
			productReference = FCBCF3DF21F6D6A500E1009C /* Fupl.v1.app */;
			productType = "com.apple.product-type.application";
		};
/* End PBXNativeTarget section */

/* Begin PBXProject section */
		FCBCF3D721F6D6A400E1009C /* Project object */ = {
			isa = PBXProject;
			attributes = {
				LastSwiftUpdateCheck = 1010;
				LastUpgradeCheck = 1010;
				ORGANIZATIONNAME = "Jon Dean";
				TargetAttributes = {
					FCBCF3DE21F6D6A500E1009C = {
						CreatedOnToolsVersion = 10.1;
					};
				};
			};
			buildConfigurationList = FCBCF3DA21F6D6A400E1009C /* Build configuration list for PBXProject "Fupl.v1" */;
			compatibilityVersion = "Xcode 9.3";
			developmentRegion = en;
			hasScannedForEncodings = 0;
			knownRegions = (
				en,
				Base,
			);
			mainGroup = FCBCF3D621F6D6A400E1009C;
			productRefGroup = FCBCF3E021F6D6A500E1009C /* Products */;
			projectDirPath = "";
			projectRoot = "";
			targets = (
				FCBCF3DE21F6D6A500E1009C /* Fupl.v1 */,
			);
		};
/* End PBXProject section */

/* Begin PBXResourcesBuildPhase section */
		FCBCF3DD21F6D6A500E1009C /* Resources */ = {
			isa = PBXResourcesBuildPhase;
			buildActionMask = 2147483647;
			files = (
				FCBCF3ED21F6D6A700E1009C /* LaunchScreen.storyboard in Resources */,
				FCBCF3EA21F6D6A700E1009C /* Assets.xcassets in Resources */,
				FCBCF3E821F6D6A500E1009C /* Main.storyboard in Resources */,
				FCBCF3FB21F7F88400E1009C /* RecipeCell.xib in Resources */,
			);
			runOnlyForDeploymentPostprocessing = 0;
		};
/* End PBXResourcesBuildPhase section */

/* Begin PBXSourcesBuildPhase section */
		FCBCF3DB21F6D6A500E1009C /* Sources */ = {
			isa = PBXSourcesBuildPhase;
			buildActionMask = 2147483647;
			files = (
				FCBCF3F921F7F82C00E1009C /* RecipeCell.swift in Sources */,
				FCBCF3F521F6D97500E1009C /* Recipe.swift in Sources */,
				FCBCF3E521F6D6A500E1009C /* RecipeTableViewController.swift in Sources */,
				FCBCF40321F80FD300E1009C /* ComposeViewController.swift in Sources */,
				FCBCF3E321F6D6A500E1009C /* AppDelegate.swift in Sources */,
				FCBCF3FD21F801C400E1009C /* RecipeViewController.swift in Sources */,
			);
			runOnlyForDeploymentPostprocessing = 0;
		};
/* End PBXSourcesBuildPhase section */

/* Begin PBXVariantGroup section */
		FCBCF3E621F6D6A500E1009C /* Main.storyboard */ = {
			isa = PBXVariantGroup;
			children = (
				FCBCF3E721F6D6A500E1009C /* Base */,
			);
			name = Main.storyboard;
			sourceTree = "<group>";
		};
		FCBCF3EB21F6D6A700E1009C /* LaunchScreen.storyboard */ = {
			isa = PBXVariantGroup;
			children = (
				FCBCF3EC21F6D6A700E1009C /* Base */,
			);
			name = LaunchScreen.storyboard;
			sourceTree = "<group>";
		};
/* End PBXVariantGroup section */

/* Begin XCBuildConfiguration section */
		FCBCF3EF21F6D6A700E1009C /* Debug */ = {
			isa = XCBuildConfiguration;
			buildSettings = {
				ALWAYS_SEARCH_USER_PATHS = NO;
				CLANG_ANALYZER_NONNULL = YES;
				CLANG_ANALYZER_NUMBER_OBJECT_CONVERSION = YES_AGGRESSIVE;
				CLANG_CXX_LANGUAGE_STANDARD = "gnu++14";
				CLANG_CXX_LIBRARY = "libc++";
				CLANG_ENABLE_MODULES = YES;
				CLANG_ENABLE_OBJC_ARC = YES;
				CLANG_ENABLE_OBJC_WEAK = YES;
				CLANG_WARN_BLOCK_CAPTURE_AUTORELEASING = YES;
				CLANG_WARN_BOOL_CONVERSION = YES;
				CLANG_WARN_COMMA = YES;
				CLANG_WARN_CONSTANT_CONVERSION = YES;
				CLANG_WARN_DEPRECATED_OBJC_IMPLEMENTATIONS = YES;
				CLANG_WARN_DIRECT_OBJC_ISA_USAGE = YES_ERROR;
				CLANG_WARN_DOCUMENTATION_COMMENTS = YES;
				CLANG_WARN_EMPTY_BODY = YES;
				CLANG_WARN_ENUM_CONVERSION = YES;
				CLANG_WARN_INFINITE_RECURSION = YES;
				CLANG_WARN_INT_CONVERSION = YES;
				CLANG_WARN_NON_LITERAL_NULL_CONVERSION = YES;
				CLANG_WARN_OBJC_IMPLICIT_RETAIN_SELF = YES;
				CLANG_WARN_OBJC_LITERAL_CONVERSION = YES;
				CLANG_WARN_OBJC_ROOT_CLASS = YES_ERROR;
				CLANG_WARN_RANGE_LOOP_ANALYSIS = YES;
				CLANG_WARN_STRICT_PROTOTYPES = YES;
				CLANG_WARN_SUSPICIOUS_MOVE = YES;
				CLANG_WARN_UNGUARDED_AVAILABILITY = YES_AGGRESSIVE;
				CLANG_WARN_UNREACHABLE_CODE = YES;
				CLANG_WARN__DUPLICATE_METHOD_MATCH = YES;
				CODE_SIGN_IDENTITY = "iPhone Developer";
				COPY_PHASE_STRIP = NO;
				DEBUG_INFORMATION_FORMAT = dwarf;
				ENABLE_STRICT_OBJC_MSGSEND = YES;
				ENABLE_TESTABILITY = YES;
				GCC_C_LANGUAGE_STANDARD = gnu11;
				GCC_DYNAMIC_NO_PIC = NO;
				GCC_NO_COMMON_BLOCKS = YES;
				GCC_OPTIMIZATION_LEVEL = 0;
				GCC_PREPROCESSOR_DEFINITIONS = (
					"DEBUG=1",
					"$(inherited)",
				);
				GCC_WARN_64_TO_32_BIT_CONVERSION = YES;
				GCC_WARN_ABOUT_RETURN_TYPE = YES_ERROR;
				GCC_WARN_UNDECLARED_SELECTOR = YES;
				GCC_WARN_UNINITIALIZED_AUTOS = YES_AGGRESSIVE;
				GCC_WARN_UNUSED_FUNCTION = YES;
				GCC_WARN_UNUSED_VARIABLE = YES;
				IPHONEOS_DEPLOYMENT_TARGET = 12.1;
				MTL_ENABLE_DEBUG_INFO = INCLUDE_SOURCE;
				MTL_FAST_MATH = YES;
				ONLY_ACTIVE_ARCH = YES;
				SDKROOT = iphoneos;
				SWIFT_ACTIVE_COMPILATION_CONDITIONS = DEBUG;
				SWIFT_OPTIMIZATION_LEVEL = "-Onone";
			};
			name = Debug;
		};
		FCBCF3F021F6D6A700E1009C /* Release */ = {
			isa = XCBuildConfiguration;
			buildSettings = {
				ALWAYS_SEARCH_USER_PATHS = NO;
				CLANG_ANALYZER_NONNULL = YES;
				CLANG_ANALYZER_NUMBER_OBJECT_CONVERSION = YES_AGGRESSIVE;
				CLANG_CXX_LANGUAGE_STANDARD = "gnu++14";
				CLANG_CXX_LIBRARY = "libc++";
				CLANG_ENABLE_MODULES = YES;
				CLANG_ENABLE_OBJC_ARC = YES;
				CLANG_ENABLE_OBJC_WEAK = YES;
				CLANG_WARN_BLOCK_CAPTURE_AUTORELEASING = YES;
				CLANG_WARN_BOOL_CONVERSION = YES;
				CLANG_WARN_COMMA = YES;
				CLANG_WARN_CONSTANT_CONVERSION = YES;
				CLANG_WARN_DEPRECATED_OBJC_IMPLEMENTATIONS = YES;
				CLANG_WARN_DIRECT_OBJC_ISA_USAGE = YES_ERROR;
				CLANG_WARN_DOCUMENTATION_COMMENTS = YES;
				CLANG_WARN_EMPTY_BODY = YES;
				CLANG_WARN_ENUM_CONVERSION = YES;
				CLANG_WARN_INFINITE_RECURSION = YES;
				CLANG_WARN_INT_CONVERSION = YES;
				CLANG_WARN_NON_LITERAL_NULL_CONVERSION = YES;
				CLANG_WARN_OBJC_IMPLICIT_RETAIN_SELF = YES;
				CLANG_WARN_OBJC_LITERAL_CONVERSION = YES;
				CLANG_WARN_OBJC_ROOT_CLASS = YES_ERROR;
				CLANG_WARN_RANGE_LOOP_ANALYSIS = YES;
				CLANG_WARN_STRICT_PROTOTYPES = YES;
				CLANG_WARN_SUSPICIOUS_MOVE = YES;
				CLANG_WARN_UNGUARDED_AVAILABILITY = YES_AGGRESSIVE;
				CLANG_WARN_UNREACHABLE_CODE = YES;
				CLANG_WARN__DUPLICATE_METHOD_MATCH = YES;
				CODE_SIGN_IDENTITY = "iPhone Developer";
				COPY_PHASE_STRIP = NO;
				DEBUG_INFORMATION_FORMAT = "dwarf-with-dsym";
				ENABLE_NS_ASSERTIONS = NO;
				ENABLE_STRICT_OBJC_MSGSEND = YES;
				GCC_C_LANGUAGE_STANDARD = gnu11;
				GCC_NO_COMMON_BLOCKS = YES;
				GCC_WARN_64_TO_32_BIT_CONVERSION = YES;
				GCC_WARN_ABOUT_RETURN_TYPE = YES_ERROR;
				GCC_WARN_UNDECLARED_SELECTOR = YES;
				GCC_WARN_UNINITIALIZED_AUTOS = YES_AGGRESSIVE;
				GCC_WARN_UNUSED_FUNCTION = YES;
				GCC_WARN_UNUSED_VARIABLE = YES;
				IPHONEOS_DEPLOYMENT_TARGET = 12.1;
				MTL_ENABLE_DEBUG_INFO = NO;
				MTL_FAST_MATH = YES;
				SDKROOT = iphoneos;
				SWIFT_COMPILATION_MODE = wholemodule;
				SWIFT_OPTIMIZATION_LEVEL = "-O";
				VALIDATE_PRODUCT = YES;
			};
			name = Release;
		};
		FCBCF3F221F6D6A700E1009C /* Debug */ = {
			isa = XCBuildConfiguration;
			buildSettings = {
				ASSETCATALOG_COMPILER_APPICON_NAME = AppIcon;
				CODE_SIGN_STYLE = Automatic;
				DEVELOPMENT_TEAM = GVEHD9M72N;
				INFOPLIST_FILE = "$(SRCROOT)/Fupl.v1/Resources/Info.plist";
				IPHONEOS_DEPLOYMENT_TARGET = 12.0;
				LD_RUNPATH_SEARCH_PATHS = (
					"$(inherited)",
					"@executable_path/Frameworks",
				);
				PRODUCT_BUNDLE_IDENTIFIER = "com.owngoalproductions.Fupl-v1";
				PRODUCT_NAME = "$(TARGET_NAME)";
				SWIFT_VERSION = 4.2;
				TARGETED_DEVICE_FAMILY = "1,2";
			};
			name = Debug;
		};
		FCBCF3F321F6D6A700E1009C /* Release */ = {
			isa = XCBuildConfiguration;
			buildSettings = {
				ASSETCATALOG_COMPILER_APPICON_NAME = AppIcon;
				CODE_SIGN_STYLE = Automatic;
				DEVELOPMENT_TEAM = GVEHD9M72N;
				INFOPLIST_FILE = "$(SRCROOT)/Fupl.v1/Resources/Info.plist";
				IPHONEOS_DEPLOYMENT_TARGET = 12.0;
				LD_RUNPATH_SEARCH_PATHS = (
					"$(inherited)",
					"@executable_path/Frameworks",
				);
				PRODUCT_BUNDLE_IDENTIFIER = "com.owngoalproductions.Fupl-v1";
				PRODUCT_NAME = "$(TARGET_NAME)";
				SWIFT_VERSION = 4.2;
				TARGETED_DEVICE_FAMILY = "1,2";
			};
			name = Release;
		};
/* End XCBuildConfiguration section */

/* Begin XCConfigurationList section */
		FCBCF3DA21F6D6A400E1009C /* Build configuration list for PBXProject "Fupl.v1" */ = {
			isa = XCConfigurationList;
			buildConfigurations = (
				FCBCF3EF21F6D6A700E1009C /* Debug */,
				FCBCF3F021F6D6A700E1009C /* Release */,
			);
			defaultConfigurationIsVisible = 0;
			defaultConfigurationName = Release;
		};
		FCBCF3F121F6D6A700E1009C /* Build configuration list for PBXNativeTarget "Fupl.v1" */ = {
			isa = XCConfigurationList;
			buildConfigurations = (
				FCBCF3F221F6D6A700E1009C /* Debug */,
				FCBCF3F321F6D6A700E1009C /* Release */,
			);
			defaultConfigurationIsVisible = 0;
			defaultConfigurationName = Release;
		};
/* End XCConfigurationList section */
	};
	rootObject = FCBCF3D721F6D6A400E1009C /* Project object */;
}
